
Microsoft Visual Studio Solution File, Format Version 12.00
# Visual Studio Version 17
VisualStudioVersion = 17.14.36301.6 d17.14
MinimumVisualStudioVersion = 10.0.40219.1
Project("{888888A0-9F3D-457C-B088-3A5042F75D52}") = "Runedoku Solver", "Runedoku Solver\Runedoku Solver.pyproj", "{87C2B130-1676-43A9-A402-E379D4C6B3A9}"
EndProject
Global
	GlobalSection(SolutionConfigurationPlatforms) = preSolution
		Debug|Any CPU = Debug|Any CPU
		Release|Any CPU = Release|Any CPU
	EndGlobalSection
	GlobalSection(ProjectConfigurationPlatforms) = postSolution
		{87C2B130-1676-43A9-A402-E379D4C6B3A9}.Debug|Any CPU.ActiveCfg = Debug|Any CPU
		{87C2B130-1676-43A9-A402-E379D4C6B3A9}.Release|Any CPU.ActiveCfg = Release|Any CPU
	EndGlobalSection
	GlobalSection(SolutionProperties) = preSolution
		HideSolutionNode = FALSE
	EndGlobalSection
	GlobalSection(ExtensibilityGlobals) = postSolution
		SolutionGuid = {286F8282-0924-4D1D-813C-217C8FDF8BE3}
	EndGlobalSection
EndGlobal
